
Microsoft Visual Studio Solution File, Format Version 12.00
# Visual Studio Version 17
VisualStudioVersion = 17.0.31903.59
MinimumVisualStudioVersion = 10.0.40219.1
Project("{FAE04EC0-301F-11D3-BF4B-00C04F79EFBC}") = "RecyclingApi.Web", "RecyclingApi.Web\RecyclingApi.Web.csproj", "{0B88B2CD-C202-4FE4-A5DE-F4A60B2BC998}"
EndProject
Project("{FAE04EC0-301F-11D3-BF4B-00C04F79EFBC}") = "RecyclingApi.Application", "RecyclingApi.Application\RecyclingApi.Application.csproj", "{BAF70799-5F7C-466D-92DB-D9C94BF92EDD}"
EndProject
Project("{FAE04EC0-301F-11D3-BF4B-00C04F79EFBC}") = "RecyclingApi.Domain", "RecyclingApi.Domain\RecyclingApi.Domain.csproj", "{B23CFF27-2AC8-4D50-81CE-DD002B8684C2}"
EndProject
Project("{FAE04EC0-301F-11D3-BF4B-00C04F79EFBC}") = "RecyclingApi.ChatService", "RecyclingApi.ChatService\RecyclingApi.ChatService.csproj", "{3120476A-67C0-4165-B407-DBED92EDA0A0}"
EndProject
Global
	GlobalSection(SolutionConfigurationPlatforms) = preSolution
		Debug|Any CPU = Debug|Any CPU
		Release|Any CPU = Release|Any CPU
	EndGlobalSection
	GlobalSection(ProjectConfigurationPlatforms) = postSolution
		{0B88B2CD-C202-4FE4-A5DE-F4A60B2BC998}.Debug|Any CPU.ActiveCfg = Debug|Any CPU
		{0B88B2CD-C202-4FE4-A5DE-F4A60B2BC998}.Debug|Any CPU.Build.0 = Debug|Any CPU
		{0B88B2CD-C202-4FE4-A5DE-F4A60B2BC998}.Release|Any CPU.ActiveCfg = Release|Any CPU
		{0B88B2CD-C202-4FE4-A5DE-F4A60B2BC998}.Release|Any CPU.Build.0 = Release|Any CPU
		{BAF70799-5F7C-466D-92DB-D9C94BF92EDD}.Debug|Any CPU.ActiveCfg = Debug|Any CPU
		{BAF70799-5F7C-466D-92DB-D9C94BF92EDD}.Debug|Any CPU.Build.0 = Debug|Any CPU
		{BAF70799-5F7C-466D-92DB-D9C94BF92EDD}.Release|Any CPU.ActiveCfg = Release|Any CPU
		{BAF70799-5F7C-466D-92DB-D9C94BF92EDD}.Release|Any CPU.Build.0 = Release|Any CPU
		{B23CFF27-2AC8-4D50-81CE-DD002B8684C2}.Debug|Any CPU.ActiveCfg = Debug|Any CPU
		{B23CFF27-2AC8-4D50-81CE-DD002B8684C2}.Debug|Any CPU.Build.0 = Debug|Any CPU
		{B23CFF27-2AC8-4D50-81CE-DD002B8684C2}.Release|Any CPU.ActiveCfg = Release|Any CPU
		{B23CFF27-2AC8-4D50-81CE-DD002B8684C2}.Release|Any CPU.Build.0 = Release|Any CPU
		{3120476A-67C0-4165-B407-DBED92EDA0A0}.Debug|Any CPU.ActiveCfg = Debug|Any CPU
		{3120476A-67C0-4165-B407-DBED92EDA0A0}.Debug|Any CPU.Build.0 = Debug|Any CPU
		{3120476A-67C0-4165-B407-DBED92EDA0A0}.Release|Any CPU.ActiveCfg = Release|Any CPU
		{3120476A-67C0-4165-B407-DBED92EDA0A0}.Release|Any CPU.Build.0 = Release|Any CPU
	EndGlobalSection
	GlobalSection(SolutionProperties) = preSolution
		HideSolutionNode = FALSE
	EndGlobalSection
EndGlobal
